
Microsoft Visual Studio Solution File, Format Version 12.00
# Visual Studio Version 17
VisualStudioVersion = 17.8.34004.107
MinimumVisualStudioVersion = 10.0.40219.1
Project("{9A19103F-16F7-4668-BE54-9A1E7A4F7556}") = "AuthenticationAPI", "AuthenticationAPI\AuthenticationAPI.csproj", "{C7325B72-9DF5-44B0-A671-5489FCD18CAA}"
EndProject
Project("{FAE04EC0-301F-11D3-BF4B-00C04F79EFBC}") = "AuthenticationAPI.Tests", "AuthenticationAPI.Tests\AuthenticationAPI.Tests.csproj", "{9B21B71B-7E0D-4782-B665-EE8805838DA9}"
EndProject
Global
	GlobalSection(SolutionConfigurationPlatforms) = preSolution
		Debug|Any CPU = Debug|Any CPU
		Release|Any CPU = Release|Any CPU
	EndGlobalSection
	GlobalSection(ProjectConfigurationPlatforms) = postSolution
		{C7325B72-9DF5-44B0-A671-5489FCD18CAA}.Debug|Any CPU.ActiveCfg = Debug|Any CPU
		{C7325B72-9DF5-44B0-A671-5489FCD18CAA}.Debug|Any CPU.Build.0 = Debug|Any CPU
		{C7325B72-9DF5-44B0-A671-5489FCD18CAA}.Release|Any CPU.ActiveCfg = Release|Any CPU
		{C7325B72-9DF5-44B0-A671-5489FCD18CAA}.Release|Any CPU.Build.0 = Release|Any CPU
		{9B21B71B-7E0D-4782-B665-EE8805838DA9}.Debug|Any CPU.ActiveCfg = Debug|Any CPU
		{9B21B71B-7E0D-4782-B665-EE8805838DA9}.Debug|Any CPU.Build.0 = Debug|Any CPU
		{9B21B71B-7E0D-4782-B665-EE8805838DA9}.Release|Any CPU.ActiveCfg = Release|Any CPU
		{9B21B71B-7E0D-4782-B665-EE8805838DA9}.Release|Any CPU.Build.0 = Release|Any CPU
	EndGlobalSection
	GlobalSection(SolutionProperties) = preSolution
		HideSolutionNode = FALSE
	EndGlobalSection
	GlobalSection(ExtensibilityGlobals) = postSolution
		SolutionGuid = {EDD688F9-B73E-407D-BF40-2E1A54E2901B}
	EndGlobalSection
EndGlobal
