
Microsoft Visual Studio Solution File, Format Version 12.00
# Visual Studio Version 17
VisualStudioVersion = 17.8.34004.107
MinimumVisualStudioVersion = 10.0.40219.1
Project("{FAE04EC0-301F-11D3-BF4B-00C04F79EFBC}") = "PermissionAPI", "PermissionAPI\PermissionAPI.csproj", "{8F5FCE20-9963-4CCD-A185-4DB7438D4DAD}"
EndProject
Global
	GlobalSection(SolutionConfigurationPlatforms) = preSolution
		Debug|Any CPU = Debug|Any CPU
		Release|Any CPU = Release|Any CPU
	EndGlobalSection
	GlobalSection(ProjectConfigurationPlatforms) = postSolution
		{8F5FCE20-9963-4CCD-A185-4DB7438D4DAD}.Debug|Any CPU.ActiveCfg = Debug|Any CPU
		{8F5FCE20-9963-4CCD-A185-4DB7438D4DAD}.Debug|Any CPU.Build.0 = Debug|Any CPU
		{8F5FCE20-9963-4CCD-A185-4DB7438D4DAD}.Release|Any CPU.ActiveCfg = Release|Any CPU
		{8F5FCE20-9963-4CCD-A185-4DB7438D4DAD}.Release|Any CPU.Build.0 = Release|Any CPU
	EndGlobalSection
	GlobalSection(SolutionProperties) = preSolution
		HideSolutionNode = FALSE
	EndGlobalSection
	GlobalSection(ExtensibilityGlobals) = postSolution
		SolutionGuid = {E00157D9-2D15-45AE-8550-E3EA83DC6244}
	EndGlobalSection
EndGlobal
